
Microsoft Visual Studio Solution File, Format Version 12.00
# Visual Studio Version 17
VisualStudioVersion = 17.3.32901.215
MinimumVisualStudioVersion = 10.0.40219.1
Project("{FAE04EC0-301F-11D3-BF4B-00C04F79EFBC}") = "p6-3-1214053", "p6-3-1214053\p6-3-1214053.csproj", "{0B2C2984-FD39-48C4-A8FF-CD8967CB16CB}"
EndProject
Global
	GlobalSection(SolutionConfigurationPlatforms) = preSolution
		Debug|Any CPU = Debug|Any CPU
		Release|Any CPU = Release|Any CPU
	EndGlobalSection
	GlobalSection(ProjectConfigurationPlatforms) = postSolution
		{0B2C2984-FD39-48C4-A8FF-CD8967CB16CB}.Debug|Any CPU.ActiveCfg = Debug|Any CPU
		{0B2C2984-FD39-48C4-A8FF-CD8967CB16CB}.Debug|Any CPU.Build.0 = Debug|Any CPU
		{0B2C2984-FD39-48C4-A8FF-CD8967CB16CB}.Release|Any CPU.ActiveCfg = Release|Any CPU
		{0B2C2984-FD39-48C4-A8FF-CD8967CB16CB}.Release|Any CPU.Build.0 = Release|Any CPU
	EndGlobalSection
	GlobalSection(SolutionProperties) = preSolution
		HideSolutionNode = FALSE
	EndGlobalSection
	GlobalSection(ExtensibilityGlobals) = postSolution
		SolutionGuid = {AF01B612-3584-4BE2-B96E-F0282F18EEF2}
	EndGlobalSection
EndGlobal
